
Microsoft Visual Studio Solution File, Format Version 12.00
# Visual Studio Version 17
VisualStudioVersion = 17.2.32516.85
MinimumVisualStudioVersion = 10.0.40219.1
Project("{8BC9CEB8-8B4A-11D0-8D11-00A0C91BC942}") = "numsFullBT", "numsFullBT\numsFullBT.vcxproj", "{82B39A44-9EFE-4D7E-850F-3C104BAA1DC5}"
EndProject
Global
	GlobalSection(SolutionConfigurationPlatforms) = preSolution
		Debug|x64 = Debug|x64
		Debug|x86 = Debug|x86
		Release|x64 = Release|x64
		Release|x86 = Release|x86
	EndGlobalSection
	GlobalSection(ProjectConfigurationPlatforms) = postSolution
		{82B39A44-9EFE-4D7E-850F-3C104BAA1DC5}.Debug|x64.ActiveCfg = Debug|x64
		{82B39A44-9EFE-4D7E-850F-3C104BAA1DC5}.Debug|x64.Build.0 = Debug|x64
		{82B39A44-9EFE-4D7E-850F-3C104BAA1DC5}.Debug|x86.ActiveCfg = Debug|Win32
		{82B39A44-9EFE-4D7E-850F-3C104BAA1DC5}.Debug|x86.Build.0 = Debug|Win32
		{82B39A44-9EFE-4D7E-850F-3C104BAA1DC5}.Release|x64.ActiveCfg = Release|x64
		{82B39A44-9EFE-4D7E-850F-3C104BAA1DC5}.Release|x64.Build.0 = Release|x64
		{82B39A44-9EFE-4D7E-850F-3C104BAA1DC5}.Release|x86.ActiveCfg = Release|Win32
		{82B39A44-9EFE-4D7E-850F-3C104BAA1DC5}.Release|x86.Build.0 = Release|Win32
	EndGlobalSection
	GlobalSection(SolutionProperties) = preSolution
		HideSolutionNode = FALSE
	EndGlobalSection
	GlobalSection(ExtensibilityGlobals) = postSolution
		SolutionGuid = {26C94A78-F168-422C-9E51-37E94947374F}
	EndGlobalSection
EndGlobal
