
Microsoft Visual Studio Solution File, Format Version 12.00
# Visual Studio Version 17
VisualStudioVersion = 17.2.32516.85
MinimumVisualStudioVersion = 10.0.40219.1
Project("{8BC9CEB8-8B4A-11D0-8D11-00A0C91BC942}") = "Question-001", "Question-001\Question-001.vcxproj", "{4BE7E8A0-9925-4E6D-808A-9344EC6D6820}"
EndProject
Global
	GlobalSection(SolutionConfigurationPlatforms) = preSolution
		Debug|x64 = Debug|x64
		Debug|x86 = Debug|x86
		Release|x64 = Release|x64
		Release|x86 = Release|x86
	EndGlobalSection
	GlobalSection(ProjectConfigurationPlatforms) = postSolution
		{4BE7E8A0-9925-4E6D-808A-9344EC6D6820}.Debug|x64.ActiveCfg = Debug|x64
		{4BE7E8A0-9925-4E6D-808A-9344EC6D6820}.Debug|x64.Build.0 = Debug|x64
		{4BE7E8A0-9925-4E6D-808A-9344EC6D6820}.Debug|x86.ActiveCfg = Debug|Win32
		{4BE7E8A0-9925-4E6D-808A-9344EC6D6820}.Debug|x86.Build.0 = Debug|Win32
		{4BE7E8A0-9925-4E6D-808A-9344EC6D6820}.Release|x64.ActiveCfg = Release|x64
		{4BE7E8A0-9925-4E6D-808A-9344EC6D6820}.Release|x64.Build.0 = Release|x64
		{4BE7E8A0-9925-4E6D-808A-9344EC6D6820}.Release|x86.ActiveCfg = Release|Win32
		{4BE7E8A0-9925-4E6D-808A-9344EC6D6820}.Release|x86.Build.0 = Release|Win32
	EndGlobalSection
	GlobalSection(SolutionProperties) = preSolution
		HideSolutionNode = FALSE
	EndGlobalSection
	GlobalSection(ExtensibilityGlobals) = postSolution
		SolutionGuid = {3F0A7563-8655-4B5D-B0E6-3861D7676CEE}
	EndGlobalSection
EndGlobal
